
Microsoft Visual Studio Solution File, Format Version 12.00
# Visual Studio Version 17
VisualStudioVersion = 17.14.36212.18 d17.14
MinimumVisualStudioVersion = 10.0.40219.1
Project("{FAE04EC0-301F-11D3-BF4B-00C04F79EFBC}") = "Inheritance", "Inheritance\Inheritance.csproj", "{46527710-1DCB-40A6-A527-C80F1C28A240}"
EndProject
Global
	GlobalSection(SolutionConfigurationPlatforms) = preSolution
		Debug|Any CPU = Debug|Any CPU
		Release|Any CPU = Release|Any CPU
	EndGlobalSection
	GlobalSection(ProjectConfigurationPlatforms) = postSolution
		{46527710-1DCB-40A6-A527-C80F1C28A240}.Debug|Any CPU.ActiveCfg = Debug|Any CPU
		{46527710-1DCB-40A6-A527-C80F1C28A240}.Debug|Any CPU.Build.0 = Debug|Any CPU
		{46527710-1DCB-40A6-A527-C80F1C28A240}.Release|Any CPU.ActiveCfg = Release|Any CPU
		{46527710-1DCB-40A6-A527-C80F1C28A240}.Release|Any CPU.Build.0 = Release|Any CPU
	EndGlobalSection
	GlobalSection(SolutionProperties) = preSolution
		HideSolutionNode = FALSE
	EndGlobalSection
	GlobalSection(ExtensibilityGlobals) = postSolution
		SolutionGuid = {08F1ED87-B323-49EB-87D3-D393A5287A55}
	EndGlobalSection
EndGlobal
